
Microsoft Visual Studio Solution File, Format Version 12.00
# Visual Studio Version 16
VisualStudioVersion = 16.0.30517.126
MinimumVisualStudioVersion = 10.0.40219.1
Project("{FAE04EC0-301F-11D3-BF4B-00C04F79EFBC}") = "ColorsDB", "ColorsDB\ColorsDB.csproj", "{46EC5528-2B96-46BB-95D6-40901932A9C1}"
EndProject
Global
	GlobalSection(SolutionConfigurationPlatforms) = preSolution
		Debug|Any CPU = Debug|Any CPU
		Release|Any CPU = Release|Any CPU
	EndGlobalSection
	GlobalSection(ProjectConfigurationPlatforms) = postSolution
		{46EC5528-2B96-46BB-95D6-40901932A9C1}.Debug|Any CPU.ActiveCfg = Debug|Any CPU
		{46EC5528-2B96-46BB-95D6-40901932A9C1}.Debug|Any CPU.Build.0 = Debug|Any CPU
		{46EC5528-2B96-46BB-95D6-40901932A9C1}.Release|Any CPU.ActiveCfg = Release|Any CPU
		{46EC5528-2B96-46BB-95D6-40901932A9C1}.Release|Any CPU.Build.0 = Release|Any CPU
	EndGlobalSection
	GlobalSection(SolutionProperties) = preSolution
		HideSolutionNode = FALSE
	EndGlobalSection
	GlobalSection(ExtensibilityGlobals) = postSolution
		SolutionGuid = {0346D355-215F-4B1B-A424-6BAB58C0537C}
	EndGlobalSection
EndGlobal
